
Microsoft Visual Studio Solution File, Format Version 12.00
# Visual Studio Version 16
VisualStudioVersion = 16.0.29318.209
MinimumVisualStudioVersion = 10.0.40219.1
Project("{FAE04EC0-301F-11D3-BF4B-00C04F79EFBC}") = "UsingPrintHelper", "UsingPrintHelper\UsingPrintHelper.csproj", "{33090950-846C-448A-B75E-C47F567E694E}"
EndProject
Global
	GlobalSection(SolutionConfigurationPlatforms) = preSolution
		Debug|Any CPU = Debug|Any CPU
		Release|Any CPU = Release|Any CPU
	EndGlobalSection
	GlobalSection(ProjectConfigurationPlatforms) = postSolution
		{33090950-846C-448A-B75E-C47F567E694E}.Debug|Any CPU.ActiveCfg = Debug|Any CPU
		{33090950-846C-448A-B75E-C47F567E694E}.Debug|Any CPU.Build.0 = Debug|Any CPU
		{33090950-846C-448A-B75E-C47F567E694E}.Release|Any CPU.ActiveCfg = Release|Any CPU
		{33090950-846C-448A-B75E-C47F567E694E}.Release|Any CPU.Build.0 = Release|Any CPU
	EndGlobalSection
	GlobalSection(SolutionProperties) = preSolution
		HideSolutionNode = FALSE
	EndGlobalSection
	GlobalSection(ExtensibilityGlobals) = postSolution
		SolutionGuid = {29068E5F-4F39-4C83-8F0F-79884BC5C7BE}
	EndGlobalSection
EndGlobal
