
Microsoft Visual Studio Solution File, Format Version 12.00
# Visual Studio Version 16
VisualStudioVersion = 16.0.29318.209
MinimumVisualStudioVersion = 10.0.40219.1
Project("{FAE04EC0-301F-11D3-BF4B-00C04F79EFBC}") = "CompareTriplets", "CompareTriplets\CompareTriplets.csproj", "{056CC0C8-C307-4822-9B01-E353A3AB17B9}"
EndProject
Global
	GlobalSection(SolutionConfigurationPlatforms) = preSolution
		Debug|Any CPU = Debug|Any CPU
		Release|Any CPU = Release|Any CPU
	EndGlobalSection
	GlobalSection(ProjectConfigurationPlatforms) = postSolution
		{056CC0C8-C307-4822-9B01-E353A3AB17B9}.Debug|Any CPU.ActiveCfg = Debug|Any CPU
		{056CC0C8-C307-4822-9B01-E353A3AB17B9}.Debug|Any CPU.Build.0 = Debug|Any CPU
		{056CC0C8-C307-4822-9B01-E353A3AB17B9}.Release|Any CPU.ActiveCfg = Release|Any CPU
		{056CC0C8-C307-4822-9B01-E353A3AB17B9}.Release|Any CPU.Build.0 = Release|Any CPU
	EndGlobalSection
	GlobalSection(SolutionProperties) = preSolution
		HideSolutionNode = FALSE
	EndGlobalSection
	GlobalSection(ExtensibilityGlobals) = postSolution
		SolutionGuid = {2CC350C5-E423-40A3-95CA-A350F4336B61}
	EndGlobalSection
EndGlobal
