
Microsoft Visual Studio Solution File, Format Version 12.00
# Visual Studio Version 16
VisualStudioVersion = 16.0.29318.209
MinimumVisualStudioVersion = 10.0.40219.1
Project("{FAE04EC0-301F-11D3-BF4B-00C04F79EFBC}") = "delegates", "delegates.csproj", "{F6583A5E-733B-4B0B-9DF4-C1C70281924D}"
EndProject
Global
	GlobalSection(SolutionConfigurationPlatforms) = preSolution
		Debug|Any CPU = Debug|Any CPU
		Release|Any CPU = Release|Any CPU
	EndGlobalSection
	GlobalSection(ProjectConfigurationPlatforms) = postSolution
		{F6583A5E-733B-4B0B-9DF4-C1C70281924D}.Debug|Any CPU.ActiveCfg = Debug|Any CPU
		{F6583A5E-733B-4B0B-9DF4-C1C70281924D}.Debug|Any CPU.Build.0 = Debug|Any CPU
		{F6583A5E-733B-4B0B-9DF4-C1C70281924D}.Release|Any CPU.ActiveCfg = Release|Any CPU
		{F6583A5E-733B-4B0B-9DF4-C1C70281924D}.Release|Any CPU.Build.0 = Release|Any CPU
	EndGlobalSection
	GlobalSection(SolutionProperties) = preSolution
		HideSolutionNode = FALSE
	EndGlobalSection
	GlobalSection(ExtensibilityGlobals) = postSolution
		SolutionGuid = {2B458172-0378-4BB4-806F-023B0B2ECABE}
	EndGlobalSection
EndGlobal
