
Microsoft Visual Studio Solution File, Format Version 12.00
# Visual Studio Version 16
VisualStudioVersion = 16.0.29318.209
MinimumVisualStudioVersion = 10.0.40219.1
Project("{FAE04EC0-301F-11D3-BF4B-00C04F79EFBC}") = "Generics", "Generics.csproj", "{870A56E9-6F01-4F66-B6D7-5E9B89F88EDD}"
EndProject
Global
	GlobalSection(SolutionConfigurationPlatforms) = preSolution
		Debug|Any CPU = Debug|Any CPU
		Release|Any CPU = Release|Any CPU
	EndGlobalSection
	GlobalSection(ProjectConfigurationPlatforms) = postSolution
		{870A56E9-6F01-4F66-B6D7-5E9B89F88EDD}.Debug|Any CPU.ActiveCfg = Debug|Any CPU
		{870A56E9-6F01-4F66-B6D7-5E9B89F88EDD}.Debug|Any CPU.Build.0 = Debug|Any CPU
		{870A56E9-6F01-4F66-B6D7-5E9B89F88EDD}.Release|Any CPU.ActiveCfg = Release|Any CPU
		{870A56E9-6F01-4F66-B6D7-5E9B89F88EDD}.Release|Any CPU.Build.0 = Release|Any CPU
	EndGlobalSection
	GlobalSection(SolutionProperties) = preSolution
		HideSolutionNode = FALSE
	EndGlobalSection
	GlobalSection(ExtensibilityGlobals) = postSolution
		SolutionGuid = {78590EA4-C656-4001-8D07-9A625F529E1D}
	EndGlobalSection
EndGlobal
